
Microsoft Visual Studio Solution File, Format Version 12.00
# Visual Studio Version 17
VisualStudioVersion = 17.0.31903.59
MinimumVisualStudioVersion = 10.0.40219.1
Project("{FAE04EC0-301F-11D3-BF4B-00C04F79EFBC}") = "API", "API\API.csproj", "{1ED1EFBD-9135-4E39-ACCC-50DE07DF4CEC}"
EndProject
Project("{FAE04EC0-301F-11D3-BF4B-00C04F79EFBC}") = "Core", "Core\Core.csproj", "{7F796DE1-4403-4DBE-B40D-629E816EF616}"
EndProject
Project("{FAE04EC0-301F-11D3-BF4B-00C04F79EFBC}") = "Infrastructure", "Infrastructure\Infrastructure.csproj", "{24BB272E-E080-4FEB-AA90-897F6C762472}"
EndProject
Global
	GlobalSection(SolutionConfigurationPlatforms) = preSolution
		Debug|Any CPU = Debug|Any CPU
		Release|Any CPU = Release|Any CPU
	EndGlobalSection
	GlobalSection(SolutionProperties) = preSolution
		HideSolutionNode = FALSE
	EndGlobalSection
	GlobalSection(ProjectConfigurationPlatforms) = postSolution
		{1ED1EFBD-9135-4E39-ACCC-50DE07DF4CEC}.Debug|Any CPU.ActiveCfg = Debug|Any CPU
		{1ED1EFBD-9135-4E39-ACCC-50DE07DF4CEC}.Debug|Any CPU.Build.0 = Debug|Any CPU
		{1ED1EFBD-9135-4E39-ACCC-50DE07DF4CEC}.Release|Any CPU.ActiveCfg = Release|Any CPU
		{1ED1EFBD-9135-4E39-ACCC-50DE07DF4CEC}.Release|Any CPU.Build.0 = Release|Any CPU
		{7F796DE1-4403-4DBE-B40D-629E816EF616}.Debug|Any CPU.ActiveCfg = Debug|Any CPU
		{7F796DE1-4403-4DBE-B40D-629E816EF616}.Debug|Any CPU.Build.0 = Debug|Any CPU
		{7F796DE1-4403-4DBE-B40D-629E816EF616}.Release|Any CPU.ActiveCfg = Release|Any CPU
		{7F796DE1-4403-4DBE-B40D-629E816EF616}.Release|Any CPU.Build.0 = Release|Any CPU
		{24BB272E-E080-4FEB-AA90-897F6C762472}.Debug|Any CPU.ActiveCfg = Debug|Any CPU
		{24BB272E-E080-4FEB-AA90-897F6C762472}.Debug|Any CPU.Build.0 = Debug|Any CPU
		{24BB272E-E080-4FEB-AA90-897F6C762472}.Release|Any CPU.ActiveCfg = Release|Any CPU
		{24BB272E-E080-4FEB-AA90-897F6C762472}.Release|Any CPU.Build.0 = Release|Any CPU
	EndGlobalSection
EndGlobal
